// !$*UTF8*$!
{
	archiveVersion = 1;
	classes = {
	};
	objectVersion = 56;
	objects = {

/* Begin PBXBuildFile section */
		A10000012C50000100000001 /* SwipeCleanerApp.swift in Sources */ = {isa = PBXBuildFile; fileRef = A10000012C50000100000002 /* SwipeCleanerApp.swift */; };
		A10000012C50000100000003 /* Assets.xcassets in Resources */ = {isa = PBXBuildFile; fileRef = A10000012C50000100000004 /* Assets.xcassets */; };
		A10000012C50000100000005 /* NetworkGuardrailTests.swift in Sources */ = {isa = PBXBuildFile; fileRef = A10000012C50000100000006 /* NetworkGuardrailTests.swift */; };
		A20000012C50000100000001 /* AssetModel.swift in Sources */ = {isa = PBXBuildFile; fileRef = A20000012C50000100000011 /* AssetModel.swift */; };
		A20000012C50000100000002 /* AssetLibraryChange.swift in Sources */ = {isa = PBXBuildFile; fileRef = A20000012C50000100000012 /* AssetLibraryChange.swift */; };
		A20000012C50000100000003 /* PhotoLibraryServiceProtocol.swift in Sources */ = {isa = PBXBuildFile; fileRef = A20000012C50000100000013 /* PhotoLibraryServiceProtocol.swift */; };
		A20000012C50000100000004 /* PhotoLibraryService.swift in Sources */ = {isa = PBXBuildFile; fileRef = A20000012C50000100000014 /* PhotoLibraryService.swift */; };
		A20000012C50000100000005 /* FakePhotoLibraryService.swift in Sources */ = {isa = PBXBuildFile; fileRef = A20000012C50000100000015 /* FakePhotoLibraryService.swift */; };
		A20000012C50000100000006 /* GalleryViewModel.swift in Sources */ = {isa = PBXBuildFile; fileRef = A20000012C50000100000016 /* GalleryViewModel.swift */; };
		A20000012C50000100000007 /* ThumbnailCellView.swift in Sources */ = {isa = PBXBuildFile; fileRef = A20000012C50000100000017 /* ThumbnailCellView.swift */; };
		A20000012C50000100000008 /* GalleryGridView.swift in Sources */ = {isa = PBXBuildFile; fileRef = A20000012C50000100000018 /* GalleryGridView.swift */; };
		A20000012C50000100000009 /* PermissionViews.swift in Sources */ = {isa = PBXBuildFile; fileRef = A20000012C50000100000019 /* PermissionViews.swift */; };
		A20000012C5000010000000A /* GalleryContainerView.swift in Sources */ = {isa = PBXBuildFile; fileRef = A20000012C5000010000001A /* GalleryContainerView.swift */; };
		A20000012C5000010000000B /* GalleryViewModelTests.swift in Sources */ = {isa = PBXBuildFile; fileRef = A20000012C5000010000001B /* GalleryViewModelTests.swift */; };
		A20000012C5000010000000C /* PhotoLibraryServiceInvariantTests.swift in Sources */ = {isa = PBXBuildFile; fileRef = A20000012C5000010000001C /* PhotoLibraryServiceInvariantTests.swift */; };
		A20000012C5000010000000D /* GalleryPerformanceTests.swift in Sources */ = {isa = PBXBuildFile; fileRef = A20000012C5000010000001D /* GalleryPerformanceTests.swift */; };
		A30000012C50000100000001 /* SwipeDecision.swift in Sources */ = {isa = PBXBuildFile; fileRef = A30000012C50000100000011 /* SwipeDecision.swift */; };
		A30000012C50000100000002 /* ClassifiedAsset.swift in Sources */ = {isa = PBXBuildFile; fileRef = A30000012C50000100000012 /* ClassifiedAsset.swift */; };
		A30000012C50000100000003 /* SessionResult.swift in Sources */ = {isa = PBXBuildFile; fileRef = A30000012C50000100000013 /* SessionResult.swift */; };
		A30000012C50000100000004 /* VelocityEstimator.swift in Sources */ = {isa = PBXBuildFile; fileRef = A30000012C50000100000014 /* VelocityEstimator.swift */; };
		A30000012C50000100000005 /* SwipeEngineViewModel.swift in Sources */ = {isa = PBXBuildFile; fileRef = A30000012C50000100000015 /* SwipeEngineViewModel.swift */; };
		A30000012C50000100000006 /* CardView.swift in Sources */ = {isa = PBXBuildFile; fileRef = A30000012C50000100000016 /* CardView.swift */; };
		A30000012C50000100000007 /* CardStackView.swift in Sources */ = {isa = PBXBuildFile; fileRef = A30000012C50000100000017 /* CardStackView.swift */; };
		A30000012C50000100000008 /* ActionBarView.swift in Sources */ = {isa = PBXBuildFile; fileRef = A30000012C50000100000018 /* ActionBarView.swift */; };
		A30000012C50000100000009 /* SwipeEngineContainerView.swift in Sources */ = {isa = PBXBuildFile; fileRef = A30000012C50000100000019 /* SwipeEngineContainerView.swift */; };
		A30000012C50000100000099 /* VideoPlayerView.swift in Sources */ = {isa = PBXBuildFile; fileRef = A30000012C50000100000098 /* VideoPlayerView.swift */; };
		A30000012C5000010000000A /* SwipeEngineViewModelTests.swift in Sources */ = {isa = PBXBuildFile; fileRef = A30000012C5000010000001A /* SwipeEngineViewModelTests.swift */; };
		A40000012C50000100000001 /* DeletionError.swift in Sources */ = {isa = PBXBuildFile; fileRef = A40000012C50000100000011 /* DeletionError.swift */; };
		A40000012C50000100000002 /* SizeEstimate.swift in Sources */ = {isa = PBXBuildFile; fileRef = A40000012C50000100000012 /* SizeEstimate.swift */; };
		A40000012C50000100000003 /* DeletionOutcome.swift in Sources */ = {isa = PBXBuildFile; fileRef = A40000012C50000100000013 /* DeletionOutcome.swift */; };
		A40000012C50000100000004 /* PhotoKitDeletionServiceProtocol.swift in Sources */ = {isa = PBXBuildFile; fileRef = A40000012C50000100000014 /* PhotoKitDeletionServiceProtocol.swift */; };
		A40000012C50000100000005 /* PhotoKitDeletionService.swift in Sources */ = {isa = PBXBuildFile; fileRef = A40000012C50000100000015 /* PhotoKitDeletionService.swift */; };
		A40000012C50000100000006 /* FakePhotoKitDeletionService.swift in Sources */ = {isa = PBXBuildFile; fileRef = A40000012C50000100000016 /* FakePhotoKitDeletionService.swift */; };
		A40000012C50000100000007 /* SessionSummaryViewModel.swift in Sources */ = {isa = PBXBuildFile; fileRef = A40000012C50000100000017 /* SessionSummaryViewModel.swift */; };
		A40000012C50000100000008 /* SummaryHeaderView.swift in Sources */ = {isa = PBXBuildFile; fileRef = A40000012C50000100000018 /* SummaryHeaderView.swift */; };
		A40000012C50000100000009 /* DeletionSuccessView.swift in Sources */ = {isa = PBXBuildFile; fileRef = A40000012C50000100000019 /* DeletionSuccessView.swift */; };
		A40000012C5000010000000A /* SessionSummaryContainerView.swift in Sources */ = {isa = PBXBuildFile; fileRef = A40000012C5000010000001A /* SessionSummaryContainerView.swift */; };
		A40000012C5000010000000C /* SummaryItemThumbnailView.swift in Sources */ = {isa = PBXBuildFile; fileRef = A40000012C5000010000001C /* SummaryItemThumbnailView.swift */; };
		A40000012C5000010000000B /* SessionSummaryViewModelTests.swift in Sources */ = {isa = PBXBuildFile; fileRef = A40000012C5000010000001B /* SessionSummaryViewModelTests.swift */; };
		A50000012C50000100000001 /* SavedSessionState.swift in Sources */ = {isa = PBXBuildFile; fileRef = A50000012C50000100000011 /* SavedSessionState.swift */; };
		A50000012C50000100000002 /* SessionPersistenceServiceProtocol.swift in Sources */ = {isa = PBXBuildFile; fileRef = A50000012C50000100000012 /* SessionPersistenceServiceProtocol.swift */; };
		A50000012C50000100000003 /* SessionPersistenceService.swift in Sources */ = {isa = PBXBuildFile; fileRef = A50000012C50000100000013 /* SessionPersistenceService.swift */; };
		A50000012C50000100000004 /* FakeSessionPersistenceService.swift in Sources */ = {isa = PBXBuildFile; fileRef = A50000012C50000100000014 /* FakeSessionPersistenceService.swift */; };
		A50000012C50000100000005 /* SessionPersistenceTests.swift in Sources */ = {isa = PBXBuildFile; fileRef = A50000012C50000100000015 /* SessionPersistenceTests.swift */; };
/* End PBXBuildFile section */

/* Begin PBXContainerItemProxy section */
		A10000012C50000100000007 /* PBXContainerItemProxy */ = {
			isa = PBXContainerItemProxy;
			containerPortal = A10000012C50000100000000 /* Project object */;
			proxyType = 1;
			remoteGlobalIDString = A10000012C50000100000008;
			remoteInfo = SwipeCleaner;
		};
/* End PBXContainerItemProxy section */

/* Begin PBXFileReference section */
		A10000012C50000100000009 /* SwipeCleaner.app */ = {isa = PBXFileReference; explicitFileType = wrapper.application; includeInIndex = 0; path = SwipeCleaner.app; sourceTree = BUILT_PRODUCTS_DIR; };
		A10000012C5000010000000A /* SwipeCleanerTests.xctest */ = {isa = PBXFileReference; explicitFileType = wrapper.cfbundle; includeInIndex = 0; path = SwipeCleanerTests.xctest; sourceTree = BUILT_PRODUCTS_DIR; };
		A10000012C50000100000002 /* SwipeCleanerApp.swift */ = {isa = PBXFileReference; lastKnownFileType = sourcecode.swift; path = SwipeCleanerApp.swift; sourceTree = "<group>"; };
		A10000012C5000010000000B /* Info.plist */ = {isa = PBXFileReference; lastKnownFileType = text.plist.xml; path = Info.plist; sourceTree = "<group>"; };
		A10000012C50000100000004 /* Assets.xcassets */ = {isa = PBXFileReference; lastKnownFileType = folder.assetcatalog; path = Assets.xcassets; sourceTree = "<group>"; };
		A10000012C50000100000006 /* NetworkGuardrailTests.swift */ = {isa = PBXFileReference; lastKnownFileType = sourcecode.swift; path = NetworkGuardrailTests.swift; sourceTree = "<group>"; };
		A20000012C50000100000011 /* AssetModel.swift */ = {isa = PBXFileReference; lastKnownFileType = sourcecode.swift; path = AssetModel.swift; sourceTree = "<group>"; };
		A20000012C50000100000012 /* AssetLibraryChange.swift */ = {isa = PBXFileReference; lastKnownFileType = sourcecode.swift; path = AssetLibraryChange.swift; sourceTree = "<group>"; };
		A20000012C50000100000013 /* PhotoLibraryServiceProtocol.swift */ = {isa = PBXFileReference; lastKnownFileType = sourcecode.swift; path = PhotoLibraryServiceProtocol.swift; sourceTree = "<group>"; };
		A20000012C50000100000014 /* PhotoLibraryService.swift */ = {isa = PBXFileReference; lastKnownFileType = sourcecode.swift; path = PhotoLibraryService.swift; sourceTree = "<group>"; };
		A20000012C50000100000015 /* FakePhotoLibraryService.swift */ = {isa = PBXFileReference; lastKnownFileType = sourcecode.swift; path = FakePhotoLibraryService.swift; sourceTree = "<group>"; };
		A20000012C50000100000016 /* GalleryViewModel.swift */ = {isa = PBXFileReference; lastKnownFileType = sourcecode.swift; path = GalleryViewModel.swift; sourceTree = "<group>"; };
		A20000012C50000100000017 /* ThumbnailCellView.swift */ = {isa = PBXFileReference; lastKnownFileType = sourcecode.swift; path = ThumbnailCellView.swift; sourceTree = "<group>"; };
		A20000012C50000100000018 /* GalleryGridView.swift */ = {isa = PBXFileReference; lastKnownFileType = sourcecode.swift; path = GalleryGridView.swift; sourceTree = "<group>"; };
		A20000012C50000100000019 /* PermissionViews.swift */ = {isa = PBXFileReference; lastKnownFileType = sourcecode.swift; path = PermissionViews.swift; sourceTree = "<group>"; };
		A20000012C5000010000001A /* GalleryContainerView.swift */ = {isa = PBXFileReference; lastKnownFileType = sourcecode.swift; path = GalleryContainerView.swift; sourceTree = "<group>"; };
		A20000012C5000010000001B /* GalleryViewModelTests.swift */ = {isa = PBXFileReference; lastKnownFileType = sourcecode.swift; path = GalleryViewModelTests.swift; sourceTree = "<group>"; };
		A20000012C5000010000001C /* PhotoLibraryServiceInvariantTests.swift */ = {isa = PBXFileReference; lastKnownFileType = sourcecode.swift; path = PhotoLibraryServiceInvariantTests.swift; sourceTree = "<group>"; };
		A20000012C5000010000001D /* GalleryPerformanceTests.swift */ = {isa = PBXFileReference; lastKnownFileType = sourcecode.swift; path = GalleryPerformanceTests.swift; sourceTree = "<group>"; };
		A30000012C50000100000011 /* SwipeDecision.swift */ = {isa = PBXFileReference; lastKnownFileType = sourcecode.swift; path = SwipeDecision.swift; sourceTree = "<group>"; };
		A30000012C50000100000012 /* ClassifiedAsset.swift */ = {isa = PBXFileReference; lastKnownFileType = sourcecode.swift; path = ClassifiedAsset.swift; sourceTree = "<group>"; };
		A30000012C50000100000013 /* SessionResult.swift */ = {isa = PBXFileReference; lastKnownFileType = sourcecode.swift; path = SessionResult.swift; sourceTree = "<group>"; };
		A30000012C50000100000014 /* VelocityEstimator.swift */ = {isa = PBXFileReference; lastKnownFileType = sourcecode.swift; path = VelocityEstimator.swift; sourceTree = "<group>"; };
		A30000012C50000100000015 /* SwipeEngineViewModel.swift */ = {isa = PBXFileReference; lastKnownFileType = sourcecode.swift; path = SwipeEngineViewModel.swift; sourceTree = "<group>"; };
		A30000012C50000100000016 /* CardView.swift */ = {isa = PBXFileReference; lastKnownFileType = sourcecode.swift; path = CardView.swift; sourceTree = "<group>"; };
		A30000012C50000100000017 /* CardStackView.swift */ = {isa = PBXFileReference; lastKnownFileType = sourcecode.swift; path = CardStackView.swift; sourceTree = "<group>"; };
		A30000012C50000100000018 /* ActionBarView.swift */ = {isa = PBXFileReference; lastKnownFileType = sourcecode.swift; path = ActionBarView.swift; sourceTree = "<group>"; };
		A30000012C50000100000019 /* SwipeEngineContainerView.swift */ = {isa = PBXFileReference; lastKnownFileType = sourcecode.swift; path = SwipeEngineContainerView.swift; sourceTree = "<group>"; };
		A30000012C50000100000098 /* VideoPlayerView.swift */ = {isa = PBXFileReference; lastKnownFileType = sourcecode.swift; path = VideoPlayerView.swift; sourceTree = "<group>"; };
		A30000012C5000010000001A /* SwipeEngineViewModelTests.swift */ = {isa = PBXFileReference; lastKnownFileType = sourcecode.swift; path = SwipeEngineViewModelTests.swift; sourceTree = "<group>"; };
		A40000012C50000100000011 /* DeletionError.swift */ = {isa = PBXFileReference; lastKnownFileType = sourcecode.swift; path = DeletionError.swift; sourceTree = "<group>"; };
		A40000012C50000100000012 /* SizeEstimate.swift */ = {isa = PBXFileReference; lastKnownFileType = sourcecode.swift; path = SizeEstimate.swift; sourceTree = "<group>"; };
		A40000012C50000100000013 /* DeletionOutcome.swift */ = {isa = PBXFileReference; lastKnownFileType = sourcecode.swift; path = DeletionOutcome.swift; sourceTree = "<group>"; };
		A40000012C50000100000014 /* PhotoKitDeletionServiceProtocol.swift */ = {isa = PBXFileReference; lastKnownFileType = sourcecode.swift; path = PhotoKitDeletionServiceProtocol.swift; sourceTree = "<group>"; };
		A40000012C50000100000015 /* PhotoKitDeletionService.swift */ = {isa = PBXFileReference; lastKnownFileType = sourcecode.swift; path = PhotoKitDeletionService.swift; sourceTree = "<group>"; };
		A40000012C50000100000016 /* FakePhotoKitDeletionService.swift */ = {isa = PBXFileReference; lastKnownFileType = sourcecode.swift; path = FakePhotoKitDeletionService.swift; sourceTree = "<group>"; };
		A40000012C50000100000017 /* SessionSummaryViewModel.swift */ = {isa = PBXFileReference; lastKnownFileType = sourcecode.swift; path = SessionSummaryViewModel.swift; sourceTree = "<group>"; };
		A40000012C50000100000018 /* SummaryHeaderView.swift */ = {isa = PBXFileReference; lastKnownFileType = sourcecode.swift; path = SummaryHeaderView.swift; sourceTree = "<group>"; };
		A40000012C50000100000019 /* DeletionSuccessView.swift */ = {isa = PBXFileReference; lastKnownFileType = sourcecode.swift; path = DeletionSuccessView.swift; sourceTree = "<group>"; };
		A40000012C5000010000001A /* SessionSummaryContainerView.swift */ = {isa = PBXFileReference; lastKnownFileType = sourcecode.swift; path = SessionSummaryContainerView.swift; sourceTree = "<group>"; };
		A40000012C5000010000001C /* SummaryItemThumbnailView.swift */ = {isa = PBXFileReference; lastKnownFileType = sourcecode.swift; path = SummaryItemThumbnailView.swift; sourceTree = "<group>"; };
		A40000012C5000010000001B /* SessionSummaryViewModelTests.swift */ = {isa = PBXFileReference; lastKnownFileType = sourcecode.swift; path = SessionSummaryViewModelTests.swift; sourceTree = "<group>"; };
		A50000012C50000100000011 /* SavedSessionState.swift */ = {isa = PBXFileReference; lastKnownFileType = sourcecode.swift; path = SwipeCleaner/Features/SessionPersistence/Models/SavedSessionState.swift; sourceTree = "<group>"; };
		A50000012C50000100000012 /* SessionPersistenceServiceProtocol.swift */ = {isa = PBXFileReference; lastKnownFileType = sourcecode.swift; path = SwipeCleaner/Features/SessionPersistence/Services/SessionPersistenceServiceProtocol.swift; sourceTree = "<group>"; };
		A50000012C50000100000013 /* SessionPersistenceService.swift */ = {isa = PBXFileReference; lastKnownFileType = sourcecode.swift; path = SwipeCleaner/Features/SessionPersistence/Services/SessionPersistenceService.swift; sourceTree = "<group>"; };
		A50000012C50000100000014 /* FakeSessionPersistenceService.swift */ = {isa = PBXFileReference; lastKnownFileType = sourcecode.swift; path = SwipeCleaner/Features/SessionPersistence/Services/FakeSessionPersistenceService.swift; sourceTree = "<group>"; };
		A50000012C50000100000015 /* SessionPersistenceTests.swift */ = {isa = PBXFileReference; lastKnownFileType = sourcecode.swift; path = SwipeCleanerTests/SessionPersistenceTests/SessionPersistenceTests.swift; sourceTree = "<group>"; };
/* End PBXFileReference section */

/* Begin PBXFrameworksBuildPhase section */
		A10000012C5000010000000C /* Frameworks */ = {
			isa = PBXFrameworksBuildPhase;
			buildActionMask = 2147483647;
			files = (
			);
			runOnlyForDeploymentPostprocessing = 0;
		};
		A10000012C5000010000000D /* Frameworks */ = {
			isa = PBXFrameworksBuildPhase;
			buildActionMask = 2147483647;
			files = (
			);
			runOnlyForDeploymentPostprocessing = 0;
		};
/* End PBXFrameworksBuildPhase section */

/* Begin PBXGroup section */
		A10000012C5000010000000E = {
			isa = PBXGroup;
			children = (
				A10000012C5000010000000F /* SwipeCleaner */,
				A10000012C50000100000010 /* SwipeCleanerTests */,
				A10000012C50000100000011 /* Products */,
			);
			sourceTree = "<group>";
		};
		A10000012C5000010000000F /* SwipeCleaner */ = {
			isa = PBXGroup;
			children = (
				A10000012C50000100000012 /* App */,
				A20000012C50000100000020 /* Features */,
				A10000012C50000100000013 /* Resources */,
			);
			path = SwipeCleaner;
			sourceTree = "<group>";
		};
		A10000012C50000100000012 /* App */ = {
			isa = PBXGroup;
			children = (
				A10000012C50000100000002 /* SwipeCleanerApp.swift */,
				A10000012C5000010000000B /* Info.plist */,
			);
			path = App;
			sourceTree = "<group>";
		};
		A20000012C50000100000020 /* Features */ = {
			isa = PBXGroup;
			children = (
				A20000012C50000100000021 /* Gallery */,
				A30000012C50000100000020 /* SwipeEngine */,
				A40000012C50000100000020 /* BatchDeletion */,
			);
			path = Features;
			sourceTree = "<group>";
		};
		A20000012C50000100000021 /* Gallery */ = {
			isa = PBXGroup;
			children = (
				A20000012C50000100000022 /* Models */,
				A20000012C50000100000023 /* Services */,
				A20000012C50000100000024 /* ViewModels */,
				A20000012C50000100000025 /* Views */,
			);
			path = Gallery;
			sourceTree = "<group>";
		};
		A20000012C50000100000022 /* Models */ = {
			isa = PBXGroup;
			children = (
				A20000012C50000100000011 /* AssetModel.swift */,
				A20000012C50000100000012 /* AssetLibraryChange.swift */,
			);
			path = Models;
			sourceTree = "<group>";
		};
		A20000012C50000100000023 /* Services */ = {
			isa = PBXGroup;
			children = (
				A20000012C50000100000013 /* PhotoLibraryServiceProtocol.swift */,
				A20000012C50000100000014 /* PhotoLibraryService.swift */,
				A20000012C50000100000015 /* FakePhotoLibraryService.swift */,
			);
			path = Services;
			sourceTree = "<group>";
		};
		A20000012C50000100000024 /* ViewModels */ = {
			isa = PBXGroup;
			children = (
				A20000012C50000100000016 /* GalleryViewModel.swift */,
			);
			path = ViewModels;
			sourceTree = "<group>";
		};
		A20000012C50000100000025 /* Views */ = {
			isa = PBXGroup;
			children = (
				A20000012C50000100000017 /* ThumbnailCellView.swift */,
				A20000012C50000100000018 /* GalleryGridView.swift */,
				A20000012C50000100000019 /* PermissionViews.swift */,
				A20000012C5000010000001A /* GalleryContainerView.swift */,
			);
			path = Views;
			sourceTree = "<group>";
		};
		A30000012C50000100000020 /* SwipeEngine */ = {
			isa = PBXGroup;
			children = (
				A30000012C50000100000021 /* Models */,
				A30000012C50000100000022 /* ViewModels */,
				A30000012C50000100000023 /* Views */,
			);
			path = SwipeEngine;
			sourceTree = "<group>";
		};
		A30000012C50000100000021 /* Models */ = {
			isa = PBXGroup;
			children = (
				A30000012C50000100000011 /* SwipeDecision.swift */,
				A30000012C50000100000012 /* ClassifiedAsset.swift */,
				A30000012C50000100000013 /* SessionResult.swift */,
			);
			path = Models;
			sourceTree = "<group>";
		};
		A30000012C50000100000022 /* ViewModels */ = {
			isa = PBXGroup;
			children = (
				A30000012C50000100000014 /* VelocityEstimator.swift */,
				A30000012C50000100000015 /* SwipeEngineViewModel.swift */,
			);
			path = ViewModels;
			sourceTree = "<group>";
		};
		A30000012C50000100000023 /* Views */ = {
			isa = PBXGroup;
			children = (
				A30000012C50000100000016 /* CardView.swift */,
				A30000012C50000100000017 /* CardStackView.swift */,
				A30000012C50000100000018 /* ActionBarView.swift */,
				A30000012C50000100000019 /* SwipeEngineContainerView.swift */,
				A30000012C50000100000098 /* VideoPlayerView.swift */,
			);
			path = Views;
			sourceTree = "<group>";
		};
		A40000012C50000100000020 /* BatchDeletion */ = {
			isa = PBXGroup;
			children = (
				A40000012C50000100000021 /* Models */,
				A40000012C50000100000022 /* Services */,
				A40000012C50000100000023 /* ViewModels */,
				A40000012C50000100000024 /* Views */,
			);
			path = BatchDeletion;
			sourceTree = "<group>";
		};
		A40000012C50000100000021 /* Models */ = {
			isa = PBXGroup;
			children = (
				A40000012C50000100000011 /* DeletionError.swift */,
				A40000012C50000100000012 /* SizeEstimate.swift */,
				A40000012C50000100000013 /* DeletionOutcome.swift */,
			);
			path = Models;
			sourceTree = "<group>";
		};
		A40000012C50000100000022 /* Services */ = {
			isa = PBXGroup;
			children = (
				A40000012C50000100000014 /* PhotoKitDeletionServiceProtocol.swift */,
				A40000012C50000100000015 /* PhotoKitDeletionService.swift */,
				A40000012C50000100000016 /* FakePhotoKitDeletionService.swift */,
			);
			path = Services;
			sourceTree = "<group>";
		};
		A40000012C50000100000023 /* ViewModels */ = {
			isa = PBXGroup;
			children = (
				A40000012C50000100000017 /* SessionSummaryViewModel.swift */,
			);
			path = ViewModels;
			sourceTree = "<group>";
		};
		A40000012C50000100000024 /* Views */ = {
			isa = PBXGroup;
			children = (
				A40000012C50000100000018 /* SummaryHeaderView.swift */,
				A40000012C50000100000019 /* DeletionSuccessView.swift */,
				A40000012C5000010000001A /* SessionSummaryContainerView.swift */,
				A40000012C5000010000001C /* SummaryItemThumbnailView.swift */,
			);
			path = Views;
			sourceTree = "<group>";
		};
		A10000012C50000100000013 /* Resources */ = {
			isa = PBXGroup;
			children = (
				A10000012C50000100000004 /* Assets.xcassets */,
			);
			path = Resources;
			sourceTree = "<group>";
		};
		A10000012C50000100000010 /* SwipeCleanerTests */ = {
			isa = PBXGroup;
			children = (
				A10000012C50000100000014 /* InfrastructureTests */,
				A20000012C50000100000026 /* GalleryTests */,
				A30000012C50000100000024 /* SwipeEngineTests */,
				A40000012C50000100000025 /* BatchDeletionTests */,
			);
			path = SwipeCleanerTests;
			sourceTree = "<group>";
		};
		A10000012C50000100000014 /* InfrastructureTests */ = {
			isa = PBXGroup;
			children = (
				A10000012C50000100000006 /* NetworkGuardrailTests.swift */,
			);
			path = InfrastructureTests;
			sourceTree = "<group>";
		};
		A20000012C50000100000026 /* GalleryTests */ = {
			isa = PBXGroup;
			children = (
				A20000012C5000010000001B /* GalleryViewModelTests.swift */,
				A20000012C5000010000001C /* PhotoLibraryServiceInvariantTests.swift */,
				A20000012C5000010000001D /* GalleryPerformanceTests.swift */,
			);
			path = GalleryTests;
			sourceTree = "<group>";
		};
		A30000012C50000100000024 /* SwipeEngineTests */ = {
			isa = PBXGroup;
			children = (
				A30000012C5000010000001A /* SwipeEngineViewModelTests.swift */,
			);
			path = SwipeEngineTests;
			sourceTree = "<group>";
		};
		A40000012C50000100000025 /* BatchDeletionTests */ = {
			isa = PBXGroup;
			children = (
				A40000012C5000010000001B /* SessionSummaryViewModelTests.swift */,
			);
			path = BatchDeletionTests;
			sourceTree = "<group>";
		};
		A10000012C50000100000011 /* Products */ = {
			isa = PBXGroup;
			children = (
				A10000012C50000100000009 /* SwipeCleaner.app */,
				A10000012C5000010000000A /* SwipeCleanerTests.xctest */,
			);
			name = Products;
			sourceTree = "<group>";
		};
/* End PBXGroup section */

/* Begin PBXNativeTarget section */
		A10000012C50000100000008 /* SwipeCleaner */ = {
			isa = PBXNativeTarget;
			buildConfigurationList = A10000012C50000100000015 /* Build configuration list for PBXNativeTarget "SwipeCleaner" */;
			buildPhases = (
				A10000012C50000100000016 /* Sources */,
				A10000012C5000010000000C /* Frameworks */,
				A10000012C50000100000017 /* Resources */,
			);
			buildRules = (
			);
			dependencies = (
			);
			name = SwipeCleaner;
			productName = SwipeCleaner;
			productReference = A10000012C50000100000009 /* SwipeCleaner.app */;
			productType = "com.apple.product-type.application";
		};
		A10000012C50000100000018 /* SwipeCleanerTests */ = {
			isa = PBXNativeTarget;
			buildConfigurationList = A10000012C50000100000019 /* Build configuration list for PBXNativeTarget "SwipeCleanerTests" */;
			buildPhases = (
				A10000012C5000010000001A /* Sources */,
				A10000012C5000010000000D /* Frameworks */,
				A10000012C5000010000001B /* Resources */,
			);
			buildRules = (
			);
			dependencies = (
				A10000012C5000010000001C /* PBXTargetDependency */,
			);
			name = SwipeCleanerTests;
			productName = SwipeCleanerTests;
			productReference = A10000012C5000010000000A /* SwipeCleanerTests.xctest */;
			productType = "com.apple.product-type.bundle.unit-test";
		};
/* End PBXNativeTarget section */

/* Begin PBXProject section */
		A10000012C50000100000000 /* Project object */ = {
			isa = PBXProject;
			attributes = {
				BuildIndependentTargetsInParallel = 1;
				LastSwiftUpdateCheck = 1600;
				LastUpgradeCheck = 1600;
				TargetAttributes = {
					A10000012C50000100000008 = {
						CreatedOnToolsVersion = 16.0;
					};
					A10000012C50000100000018 = {
						CreatedOnToolsVersion = 16.0;
						TestTargetID = A10000012C50000100000008;
					};
				};
			};
			buildConfigurationList = A10000012C5000010000001D /* Build configuration list for PBXProject "SwipeCleaner" */;
			compatibilityVersion = "Xcode 14.0";
			developmentRegion = en;
			hasScannedForEncodings = 0;
			knownRegions = (
				en,
				Base,
			);
			mainGroup = A10000012C5000010000000E;
			productRefGroup = A10000012C50000100000011 /* Products */;
			projectDirPath = "";
			projectRoot = "";
			targets = (
				A10000012C50000100000008 /* SwipeCleaner */,
				A10000012C50000100000018 /* SwipeCleanerTests */,
			);
		};
/* End PBXProject section */

/* Begin PBXResourcesBuildPhase section */
		A10000012C50000100000017 /* Resources */ = {
			isa = PBXResourcesBuildPhase;
			buildActionMask = 2147483647;
			files = (
				A10000012C50000100000003 /* Assets.xcassets in Resources */,
			);
			runOnlyForDeploymentPostprocessing = 0;
		};
		A10000012C5000010000001B /* Resources */ = {
			isa = PBXResourcesBuildPhase;
			buildActionMask = 2147483647;
			files = (
			);
			runOnlyForDeploymentPostprocessing = 0;
		};
/* End PBXResourcesBuildPhase section */

/* Begin PBXSourcesBuildPhase section */
		A10000012C50000100000016 /* Sources */ = {
			isa = PBXSourcesBuildPhase;
			buildActionMask = 2147483647;
			files = (
				A10000012C50000100000001 /* SwipeCleanerApp.swift in Sources */,
				A20000012C50000100000001 /* AssetModel.swift in Sources */,
				A20000012C50000100000002 /* AssetLibraryChange.swift in Sources */,
				A20000012C50000100000003 /* PhotoLibraryServiceProtocol.swift in Sources */,
				A20000012C50000100000004 /* PhotoLibraryService.swift in Sources */,
				A20000012C50000100000005 /* FakePhotoLibraryService.swift in Sources */,
				A20000012C50000100000006 /* GalleryViewModel.swift in Sources */,
				A20000012C50000100000007 /* ThumbnailCellView.swift in Sources */,
				A20000012C50000100000008 /* GalleryGridView.swift in Sources */,
				A20000012C50000100000009 /* PermissionViews.swift in Sources */,
				A20000012C5000010000000A /* GalleryContainerView.swift in Sources */,
				A30000012C50000100000001 /* SwipeDecision.swift in Sources */,
				A30000012C50000100000002 /* ClassifiedAsset.swift in Sources */,
				A30000012C50000100000003 /* SessionResult.swift in Sources */,
				A30000012C50000100000004 /* VelocityEstimator.swift in Sources */,
				A30000012C50000100000005 /* SwipeEngineViewModel.swift in Sources */,
				A30000012C50000100000006 /* CardView.swift in Sources */,
				A30000012C50000100000007 /* CardStackView.swift in Sources */,
				A30000012C50000100000008 /* ActionBarView.swift in Sources */,
				A30000012C50000100000009 /* SwipeEngineContainerView.swift in Sources */,
				A30000012C50000100000099 /* VideoPlayerView.swift in Sources */,
				A40000012C50000100000001 /* DeletionError.swift in Sources */,
				A40000012C50000100000002 /* SizeEstimate.swift in Sources */,
				A40000012C50000100000003 /* DeletionOutcome.swift in Sources */,
				A40000012C50000100000004 /* PhotoKitDeletionServiceProtocol.swift in Sources */,
				A40000012C50000100000005 /* PhotoKitDeletionService.swift in Sources */,
				A40000012C50000100000006 /* FakePhotoKitDeletionService.swift in Sources */,
				A40000012C50000100000007 /* SessionSummaryViewModel.swift in Sources */,
				A40000012C50000100000008 /* SummaryHeaderView.swift in Sources */,
				A40000012C50000100000009 /* DeletionSuccessView.swift in Sources */,
				A40000012C5000010000000A /* SessionSummaryContainerView.swift in Sources */,
				A40000012C5000010000000C /* SummaryItemThumbnailView.swift in Sources */,
				A50000012C50000100000001 /* SavedSessionState.swift in Sources */,
				A50000012C50000100000002 /* SessionPersistenceServiceProtocol.swift in Sources */,
				A50000012C50000100000003 /* SessionPersistenceService.swift in Sources */,
				A50000012C50000100000004 /* FakeSessionPersistenceService.swift in Sources */,
			);
			runOnlyForDeploymentPostprocessing = 0;
		};
		A10000012C5000010000001A /* Sources */ = {
			isa = PBXSourcesBuildPhase;
			buildActionMask = 2147483647;
			files = (
				A10000012C50000100000005 /* NetworkGuardrailTests.swift in Sources */,
				A20000012C5000010000000B /* GalleryViewModelTests.swift in Sources */,
				A20000012C5000010000000C /* PhotoLibraryServiceInvariantTests.swift in Sources */,
				A20000012C5000010000000D /* GalleryPerformanceTests.swift in Sources */,
				A30000012C5000010000000A /* SwipeEngineViewModelTests.swift in Sources */,
				A40000012C5000010000000B /* SessionSummaryViewModelTests.swift in Sources */,
				A50000012C50000100000005 /* SessionPersistenceTests.swift in Sources */,
			);
			runOnlyForDeploymentPostprocessing = 0;
		};
/* End PBXSourcesBuildPhase section */

/* Begin PBXTargetDependency section */
		A10000012C5000010000001C /* PBXTargetDependency */ = {
			isa = PBXTargetDependency;
			target = A10000012C50000100000008 /* SwipeCleaner */;
			targetProxy = A10000012C50000100000007 /* PBXContainerItemProxy */;
		};
/* End PBXTargetDependency section */

/* Begin XCBuildConfiguration section */
		A10000012C5000010000001E /* Debug */ = {
			isa = XCBuildConfiguration;
			buildSettings = {
				ALWAYS_SEARCH_USER_PATHS = NO;
				CLANG_ANALYZER_NONNULL = YES;
				CLANG_ANALYZER_NUMBER_OBJECT_CONVERSION = YES_AGGRESSIVE;
				CLANG_CXX_LANGUAGE_STANDARD = "gnu++20";
				CLANG_ENABLE_MODULES = YES;
				CLANG_ENABLE_OBJC_ARC = YES;
				CLANG_ENABLE_OBJC_WEAK = YES;
				CLANG_WARN_BLOCK_CAPTURE_AUTORELEASING = YES;
				CLANG_WARN_BOOL_CONVERSION = YES;
				CLANG_WARN_COMPOUND_LITERAL_CONVERSION = YES;
				CLANG_WARN_CONSTANT_CONVERSION = YES;
				CLANG_WARN_DEPRECATED_OBJC_IMPLEMENTATIONS = YES;
				CLANG_WARN_DIRECT_OBJC_ISA_USAGE = YES_ERROR;
				CLANG_WARN_DOCUMENTATION_COMMENTS = YES;
				CLANG_WARN_EMPTY_BODY = YES;
				CLANG_WARN_ENUM_CONVERSION = YES;
				CLANG_WARN_INFINITE_RECURSION = YES;
				CLANG_WARN_INT_CONVERSION = YES;
				CLANG_WARN_NON_LITERAL_NULL_CONVERSION = YES;
				CLANG_WARN_OBJC_IMPLICIT_RETAIN_SELF = YES;
				CLANG_WARN_OBJC_LITERAL_CONVERSION = YES;
				CLANG_WARN_OBJC_ROOT_CLASS = YES_ERROR;
				CLANG_WARN_QUOTED_INCLUDE_IN_FRAMEWORK_HEADER = YES;
				CLANG_WARN_RANGE_LOOP_ANALYSIS = YES;
				CLANG_WARN_STRICT_PROTOTYPES = YES;
				CLANG_WARN_SUSPICIOUS_MOVE = YES;
				CLANG_WARN_UNGUARDED_AVAILABILITY = YES_AGGRESSIVE;
				CLANG_WARN_UNREACHABLE_CODE = YES;
				CLANG_WARN__DUPLICATE_METHOD_MATCH = YES;
				COPY_PHASE_STRIP = NO;
				DEBUG_INFORMATION_FORMAT = dwarf;
				ENABLE_STRICT_OBJC_MSGSEND = YES;
				ENABLE_TESTABILITY = YES;
				GCC_C_LANGUAGE_STANDARD = gnu17;
				GCC_DYNAMIC_NO_PIC = NO;
				GCC_NO_COMMON_BLOCKS = YES;
				GCC_OPTIMIZATION_LEVEL = 0;
				GCC_PREPROCESSOR_DEFINITIONS = (
					"DEBUG=1",
					"$(inherited)",
				);
				GCC_WARN_64_TO_32_BIT_CONVERSION = YES;
				GCC_WARN_ABOUT_RETURN_TYPE = YES_ERROR;
				GCC_WARN_UNDECLARED_SELECTOR = YES;
				GCC_WARN_UNINITIALIZED_AUTOS = YES_AGGRESSIVE;
				GCC_WARN_UNUSED_FUNCTION = YES;
				GCC_WARN_UNUSED_VARIABLE = YES;
				IPHONEOS_DEPLOYMENT_TARGET = 17.0;
				MTL_ENABLE_DEBUG_INFO = INCLUDE_SOURCE;
				MTL_FAST_MATH = YES;
				ONLY_ACTIVE_ARCH = YES;
				SDKROOT = iphoneos;
				SWIFT_ACTIVE_COMPILATION_CONDITIONS = "DEBUG $(inherited)";
				SWIFT_OPTIMIZATION_LEVEL = "-Onone";
				SWIFT_STRICT_CONCURRENCY = complete;
				SWIFT_VERSION = 6.0;
			};
			name = Debug;
		};
		A10000012C5000010000001F /* Release */ = {
			isa = XCBuildConfiguration;
			buildSettings = {
				ALWAYS_SEARCH_USER_PATHS = NO;
				CLANG_ANALYZER_NONNULL = YES;
				CLANG_ANALYZER_NUMBER_OBJECT_CONVERSION = YES_AGGRESSIVE;
				CLANG_CXX_LANGUAGE_STANDARD = "gnu++20";
				CLANG_ENABLE_MODULES = YES;
				CLANG_ENABLE_OBJC_ARC = YES;
				CLANG_ENABLE_OBJC_WEAK = YES;
				CLANG_WARN_BLOCK_CAPTURE_AUTORELEASING = YES;
				CLANG_WARN_BOOL_CONVERSION = YES;
				CLANG_WARN_COMPOUND_LITERAL_CONVERSION = YES;
				CLANG_WARN_CONSTANT_CONVERSION = YES;
				CLANG_WARN_DEPRECATED_OBJC_IMPLEMENTATIONS = YES;
				CLANG_WARN_DIRECT_OBJC_ISA_USAGE = YES_ERROR;
				CLANG_WARN_DOCUMENTATION_COMMENTS = YES;
				CLANG_WARN_EMPTY_BODY = YES;
				CLANG_WARN_ENUM_CONVERSION = YES;
				CLANG_WARN_INFINITE_RECURSION = YES;
				CLANG_WARN_INT_CONVERSION = YES;
				CLANG_WARN_NON_LITERAL_NULL_CONVERSION = YES;
				CLANG_WARN_OBJC_IMPLICIT_RETAIN_SELF = YES;
				CLANG_WARN_OBJC_LITERAL_CONVERSION = YES;
				CLANG_WARN_OBJC_ROOT_CLASS = YES_ERROR;
				CLANG_WARN_QUOTED_INCLUDE_IN_FRAMEWORK_HEADER = YES;
				CLANG_WARN_RANGE_LOOP_ANALYSIS = YES;
				CLANG_WARN_STRICT_PROTOTYPES = YES;
				CLANG_WARN_SUSPICIOUS_MOVE = YES;
				CLANG_WARN_UNGUARDED_AVAILABILITY = YES_AGGRESSIVE;
				CLANG_WARN_UNREACHABLE_CODE = YES;
				CLANG_WARN__DUPLICATE_METHOD_MATCH = YES;
				COPY_PHASE_STRIP = NO;
				DEBUG_INFORMATION_FORMAT = "dwarf-with-dsym";
				ENABLE_NS_ASSERTIONS = NO;
				ENABLE_STRICT_OBJC_MSGSEND = YES;
				GCC_C_LANGUAGE_STANDARD = gnu17;
				GCC_NO_COMMON_BLOCKS = YES;
				GCC_WARN_64_TO_32_BIT_CONVERSION = YES;
				GCC_WARN_ABOUT_RETURN_TYPE = YES_ERROR;
				GCC_WARN_UNDECLARED_SELECTOR = YES;
				GCC_WARN_UNINITIALIZED_AUTOS = YES_AGGRESSIVE;
				GCC_WARN_UNUSED_FUNCTION = YES;
				GCC_WARN_UNUSED_VARIABLE = YES;
				IPHONEOS_DEPLOYMENT_TARGET = 17.0;
				MTL_ENABLE_DEBUG_INFO = NO;
				MTL_FAST_MATH = YES;
				SDKROOT = iphoneos;
				SWIFT_COMPILATION_MODE = wholemodule;
				SWIFT_OPTIMIZATION_LEVEL = "-O";
				SWIFT_STRICT_CONCURRENCY = complete;
				SWIFT_VERSION = 6.0;
				VALIDATE_PRODUCT = YES;
			};
			name = Release;
		};
		A10000012C50000100000020 /* Debug */ = {
			isa = XCBuildConfiguration;
			buildSettings = {
				ASSETCATALOG_COMPILER_APPICON_NAME = AppIcon;
				ASSETCATALOG_COMPILER_GLOBAL_ACCENT_COLOR_NAME = AccentColor;
				CODE_SIGNING_ALLOWED = NO;
				CODE_SIGN_IDENTITY = "";
				CODE_SIGNING_REQUIRED = NO;
				CURRENT_PROJECT_VERSION = 1;
				GENERATE_INFOPLIST_FILE = NO;
				INFOPLIST_FILE = SwipeCleaner/App/Info.plist;
				INFOPLIST_KEY_NSPhotoLibraryUsageDescription = "SwipeCleaner necesita acceso a tu fototeca para permitirte revisar y clasificar tus fotos y vídeos para liberar espacio localmente.";
				LD_RUNPATH_SEARCH_PATHS = (
					"$(inherited)",
					"@executable_path/Frameworks",
				);
				MARKETING_VERSION = 1.0;
				PRODUCT_BUNDLE_IDENTIFIER = com.tindercleaner.app;
				PRODUCT_NAME = "$(TARGET_NAME)";
				SWIFT_EMIT_LOC_UP_TO_DATE_CHECK = YES;
				SWIFT_STRICT_CONCURRENCY = complete;
				SWIFT_VERSION = 6.0;
				TARGETED_DEVICE_FAMILY = "1";
			};
			name = Debug;
		};
		A10000012C50000100000021 /* Release */ = {
			isa = XCBuildConfiguration;
			buildSettings = {
				ASSETCATALOG_COMPILER_APPICON_NAME = AppIcon;
				ASSETCATALOG_COMPILER_GLOBAL_ACCENT_COLOR_NAME = AccentColor;
				CODE_SIGNING_ALLOWED = NO;
				CODE_SIGN_IDENTITY = "";
				CODE_SIGNING_REQUIRED = NO;
				CURRENT_PROJECT_VERSION = 1;
				GENERATE_INFOPLIST_FILE = NO;
				INFOPLIST_FILE = SwipeCleaner/App/Info.plist;
				INFOPLIST_KEY_NSPhotoLibraryUsageDescription = "SwipeCleaner necesita acceso a tu fototeca para permitirte revisar y clasificar tus fotos y vídeos para liberar espacio localmente.";
				LD_RUNPATH_SEARCH_PATHS = (
					"$(inherited)",
					"@executable_path/Frameworks",
				);
				MARKETING_VERSION = 1.0;
				PRODUCT_BUNDLE_IDENTIFIER = com.tindercleaner.app;
				PRODUCT_NAME = "$(TARGET_NAME)";
				SWIFT_EMIT_LOC_UP_TO_DATE_CHECK = YES;
				SWIFT_STRICT_CONCURRENCY = complete;
				SWIFT_VERSION = 6.0;
				TARGETED_DEVICE_FAMILY = "1";
			};
			name = Release;
		};
		A10000012C50000100000022 /* Debug */ = {
			isa = XCBuildConfiguration;
			buildSettings = {
				BUNDLE_LOADER = "$(TEST_HOST)";
				CODE_SIGNING_ALLOWED = NO;
				CODE_SIGN_IDENTITY = "";
				CODE_SIGNING_REQUIRED = NO;
				CURRENT_PROJECT_VERSION = 1;
				GENERATE_INFOPLIST_FILE = YES;
				MARKETING_VERSION = 1.0;
				PRODUCT_BUNDLE_IDENTIFIER = com.tindercleaner.apptests;
				PRODUCT_NAME = "$(TARGET_NAME)";
				SWIFT_STRICT_CONCURRENCY = complete;
				SWIFT_VERSION = 6.0;
				TARGETED_DEVICE_FAMILY = "1";
				TEST_HOST = "$(BUILT_PRODUCTS_DIR)/SwipeCleaner.app/$(BUNDLE_EXECUTABLE_FOLDER_PATH)/SwipeCleaner";
			};
			name = Debug;
		};
		A10000012C50000100000023 /* Release */ = {
			isa = XCBuildConfiguration;
			buildSettings = {
				BUNDLE_LOADER = "$(TEST_HOST)";
				CODE_SIGNING_ALLOWED = NO;
				CODE_SIGN_IDENTITY = "";
				CODE_SIGNING_REQUIRED = NO;
				CURRENT_PROJECT_VERSION = 1;
				GENERATE_INFOPLIST_FILE = YES;
				MARKETING_VERSION = 1.0;
				PRODUCT_BUNDLE_IDENTIFIER = com.tindercleaner.apptests;
				PRODUCT_NAME = "$(TARGET_NAME)";
				SWIFT_STRICT_CONCURRENCY = complete;
				SWIFT_VERSION = 6.0;
				TARGETED_DEVICE_FAMILY = "1";
				TEST_HOST = "$(BUILT_PRODUCTS_DIR)/SwipeCleaner.app/$(BUNDLE_EXECUTABLE_FOLDER_PATH)/SwipeCleaner";
			};
			name = Release;
		};
/* End XCBuildConfiguration section */

/* Begin XCConfigurationList section */
		A10000012C5000010000001D /* Build configuration list for PBXProject "SwipeCleaner" */ = {
			isa = XCConfigurationList;
			buildConfigurations = (
				A10000012C5000010000001E /* Debug */,
				A10000012C5000010000001F /* Release */,
			);
			defaultConfigurationIsVisible = 0;
			defaultConfigurationName = Release;
		};
		A10000012C50000100000015 /* Build configuration list for PBXNativeTarget "SwipeCleaner" */ = {
			isa = XCConfigurationList;
			buildConfigurations = (
				A10000012C50000100000020 /* Debug */,
				A10000012C50000100000021 /* Release */,
			);
			defaultConfigurationIsVisible = 0;
			defaultConfigurationName = Release;
		};
		A10000012C50000100000019 /* Build configuration list for PBXNativeTarget "SwipeCleanerTests" */ = {
			isa = XCConfigurationList;
			buildConfigurations = (
				A10000012C50000100000022 /* Debug */,
				A10000012C50000100000023 /* Release */,
			);
			defaultConfigurationIsVisible = 0;
			defaultConfigurationName = Release;
		};
/* End XCConfigurationList section */
	};
	rootObject = A10000012C50000100000000 /* Project object */;
}
